
Microsoft Visual Studio Solution File, Format Version 12.00
# Visual Studio 15
VisualStudioVersion = 15.0.28010.2041
MinimumVisualStudioVersion = 10.0.40219.1
Project("{FAE04EC0-301F-11D3-BF4B-00C04F79EFBC}") = "ManuaisTeste", "ManuaisTeste\ManuaisTeste.csproj", "{05729957-0453-4BC5-8C0C-FE79DF5993FE}"
EndProject
Global
	GlobalSection(SolutionConfigurationPlatforms) = preSolution
		Debug|Any CPU = Debug|Any CPU
		Release|Any CPU = Release|Any CPU
	EndGlobalSection
	GlobalSection(ProjectConfigurationPlatforms) = postSolution
		{05729957-0453-4BC5-8C0C-FE79DF5993FE}.Debug|Any CPU.ActiveCfg = Debug|Any CPU
		{05729957-0453-4BC5-8C0C-FE79DF5993FE}.Debug|Any CPU.Build.0 = Debug|Any CPU
		{05729957-0453-4BC5-8C0C-FE79DF5993FE}.Release|Any CPU.ActiveCfg = Release|Any CPU
		{05729957-0453-4BC5-8C0C-FE79DF5993FE}.Release|Any CPU.Build.0 = Release|Any CPU
	EndGlobalSection
	GlobalSection(SolutionProperties) = preSolution
		HideSolutionNode = FALSE
	EndGlobalSection
	GlobalSection(ExtensibilityGlobals) = postSolution
		SolutionGuid = {4EC40148-F563-4537-A34F-120B676CDB6F}
	EndGlobalSection
EndGlobal
